PODS:
  - Alamofire (5.4.1)
  - Cosmos (23.0.0)
  - Kingfisher (6.2.1)
  - SwiftyJSON (5.0.0)

DEPENDENCIES:
  - Alamofire
  - Cosmos
  - Kingfisher
  - SwiftyJSON

SPEC REPOS:
  trunk:
    - Alamofire
    - Cosmos
    - Kingfisher
    - SwiftyJSON

SPEC CHECKSUMS:
  Alamofire: 2291f7d21ca607c491dd17642e5d40fdcda0e65c
  Cosmos: b5c6a9a637e28a061b54c8f8b1d8529d7d4db73f
  Kingfisher: e71c6fac2aebb1262888cabc2cb13d313362a48f
  SwiftyJSON: 36413e04c44ee145039d332b4f4e2d3e8d6c4db7

PODFILE CHECKSUM: d8d9d3afcbe56b2cd0f2e5e0cb96270181f7c3d9

COCOAPODS: 1.10.1
