// !$*UTF8*$!
{
	archiveVersion = 1;
	classes = {
	};
	objectVersion = 51;
	objects = {

/* Begin PBXBuildFile section */
		A4AF58E826A047A4005A222F /* Movie.swift in Sources */ = {isa = PBXBuildFile; fileRef = A4AF58E726A047A4005A222F /* Movie.swift */; };
		A4AF58EE26A049F2005A222F /* MovieCell.swift in Sources */ = {isa = PBXBuildFile; fileRef = A4AF58EC26A049F2005A222F /* MovieCell.swift */; };
		A4AF58EF26A049F2005A222F /* MovieCell.xib in Resources */ = {isa = PBXBuildFile; fileRef = A4AF58ED26A049F2005A222F /* MovieCell.xib */; };
		A4AF58F926A04BFF005A222F /* Ext_UIImageView.swift in Sources */ = {isa = PBXBuildFile; fileRef = A4AF58F826A04BFF005A222F /* Ext_UIImageView.swift */; };
		A4AF58FD26A04CBD005A222F /* ShareData.swift in Sources */ = {isa = PBXBuildFile; fileRef = A4AF58FC26A04CBD005A222F /* ShareData.swift */; };
		A4AF590226A04E20005A222F /* ApiRequest.swift in Sources */ = {isa = PBXBuildFile; fileRef = A4AF590126A04E20005A222F /* ApiRequest.swift */; };
		A4AF590626A04E27005A222F /* Services.swift in Sources */ = {isa = PBXBuildFile; fileRef = A4AF590526A04E27005A222F /* Services.swift */; };
		A4CFB80C269F460A00B780A5 /* AppDelegate.swift in Sources */ = {isa = PBXBuildFile; fileRef = A4CFB80B269F460A00B780A5 /* AppDelegate.swift */; };
		A4CFB80E269F460A00B780A5 /* SceneDelegate.swift in Sources */ = {isa = PBXBuildFile; fileRef = A4CFB80D269F460A00B780A5 /* SceneDelegate.swift */; };
		A4CFB815269F460B00B780A5 /* Assets.xcassets in Resources */ = {isa = PBXBuildFile; fileRef = A4CFB814269F460B00B780A5 /* Assets.xcassets */; };
		A4CFB82A269F468B00B780A5 /* Launch.storyboard in Resources */ = {isa = PBXBuildFile; fileRef = A4CFB829269F468B00B780A5 /* Launch.storyboard */; };
		A4CFB82D269F46A400B780A5 /* LaunchVC.swift in Sources */ = {isa = PBXBuildFile; fileRef = A4CFB82C269F46A400B780A5 /* LaunchVC.swift */; };
		A4CFB837269F475400B780A5 /* MovieVC.swift in Sources */ = {isa = PBXBuildFile; fileRef = A4CFB835269F475300B780A5 /* MovieVC.swift */; };
		A4CFB838269F475400B780A5 /* MovieVC.xib in Resources */ = {isa = PBXBuildFile; fileRef = A4CFB836269F475300B780A5 /* MovieVC.xib */; };
		DD7F68AFF04049D6FC7C69CA /* Pods_Zipline.framework in Frameworks */ = {isa = PBXBuildFile; fileRef = FBA9D2BAEBEFD6FAB119B8DB /* Pods_Zipline.framework */; };
/* End PBXBuildFile section */

/* Begin PBXFileReference section */
		1A4BCA4A44CAC6CD58E48C7B /* Pods-Zipline.debug.xcconfig */ = {isa = PBXFileReference; includeInIndex = 1; lastKnownFileType = text.xcconfig; name = "Pods-Zipline.debug.xcconfig"; path = "Target Support Files/Pods-Zipline/Pods-Zipline.debug.xcconfig"; sourceTree = "<group>"; };
		543710B011168DB44BB5B8E7 /* Pods-Zipline.release.xcconfig */ = {isa = PBXFileReference; includeInIndex = 1; lastKnownFileType = text.xcconfig; name = "Pods-Zipline.release.xcconfig"; path = "Target Support Files/Pods-Zipline/Pods-Zipline.release.xcconfig"; sourceTree = "<group>"; };
		A4AF58E726A047A4005A222F /* Movie.swift */ = {isa = PBXFileReference; lastKnownFileType = sourcecode.swift; path = Movie.swift; sourceTree = "<group>"; };
		A4AF58EC26A049F2005A222F /* MovieCell.swift */ = {isa = PBXFileReference; lastKnownFileType = sourcecode.swift; path = MovieCell.swift; sourceTree = "<group>"; };
		A4AF58ED26A049F2005A222F /* MovieCell.xib */ = {isa = PBXFileReference; lastKnownFileType = file.xib; path = MovieCell.xib; sourceTree = "<group>"; };
		A4AF58F826A04BFF005A222F /* Ext_UIImageView.swift */ = {isa = PBXFileReference; lastKnownFileType = sourcecode.swift; path = Ext_UIImageView.swift; sourceTree = "<group>"; };
		A4AF58FC26A04CBD005A222F /* ShareData.swift */ = {isa = PBXFileReference; lastKnownFileType = sourcecode.swift; path = ShareData.swift; sourceTree = "<group>"; };
		A4AF590126A04E20005A222F /* ApiRequest.swift */ = {isa = PBXFileReference; lastKnownFileType = sourcecode.swift; path = ApiRequest.swift; sourceTree = "<group>"; };
		A4AF590526A04E27005A222F /* Services.swift */ = {isa = PBXFileReference; lastKnownFileType = sourcecode.swift; path = Services.swift; sourceTree = "<group>"; };
		A4CFB808269F460A00B780A5 /* Zipline.app */ = {isa = PBXFileReference; explicitFileType = wrapper.application; includeInIndex = 0; path = Zipline.app; sourceTree = BUILT_PRODUCTS_DIR; };
		A4CFB80B269F460A00B780A5 /* AppDelegate.swift */ = {isa = PBXFileReference; lastKnownFileType = sourcecode.swift; path = AppDelegate.swift; sourceTree = "<group>"; };
		A4CFB80D269F460A00B780A5 /* SceneDelegate.swift */ = {isa = PBXFileReference; lastKnownFileType = sourcecode.swift; path = SceneDelegate.swift; sourceTree = "<group>"; };
		A4CFB814269F460B00B780A5 /* Assets.xcassets */ = {isa = PBXFileReference; lastKnownFileType = folder.assetcatalog; path = Assets.xcassets; sourceTree = "<group>"; };
		A4CFB819269F460B00B780A5 /* Info.plist */ = {isa = PBXFileReference; lastKnownFileType = text.plist.xml; path = Info.plist; sourceTree = "<group>"; };
		A4CFB829269F468B00B780A5 /* Launch.storyboard */ = {isa = PBXFileReference; lastKnownFileType = file.storyboard; path = Launch.storyboard; sourceTree = "<group>"; };
		A4CFB82C269F46A400B780A5 /* LaunchVC.swift */ = {isa = PBXFileReference; lastKnownFileType = sourcecode.swift; path = LaunchVC.swift; sourceTree = "<group>"; };
		A4CFB835269F475300B780A5 /* MovieVC.swift */ = {isa = PBXFileReference; lastKnownFileType = sourcecode.swift; path = MovieVC.swift; sourceTree = "<group>"; };
		A4CFB836269F475300B780A5 /* MovieVC.xib */ = {isa = PBXFileReference; lastKnownFileType = file.xib; path = MovieVC.xib; sourceTree = "<group>"; };
		FBA9D2BAEBEFD6FAB119B8DB /* Pods_Zipline.framework */ = {isa = PBXFileReference; explicitFileType = wrapper.framework; includeInIndex = 0; path = Pods_Zipline.framework; sourceTree = BUILT_PRODUCTS_DIR; };
/* End PBXFileReference section */

/* Begin PBXFrameworksBuildPhase section */
		A4CFB805269F460A00B780A5 /* Frameworks */ = {
			isa = PBXFrameworksBuildPhase;
			buildActionMask = 2147483647;
			files = (
				DD7F68AFF04049D6FC7C69CA /* Pods_Zipline.framework in Frameworks */,
			);
			runOnlyForDeploymentPostprocessing = 0;
		};
/* End PBXFrameworksBuildPhase section */

/* Begin PBXGroup section */
		54BF52CFED79FEB3F5DB6A62 /* Pods */ = {
			isa = PBXGroup;
			children = (
				1A4BCA4A44CAC6CD58E48C7B /* Pods-Zipline.debug.xcconfig */,
				543710B011168DB44BB5B8E7 /* Pods-Zipline.release.xcconfig */,
			);
			path = Pods;
			sourceTree = "<group>";
		};
		9F180E379848FADF174A2ECB /* Frameworks */ = {
			isa = PBXGroup;
			children = (
				FBA9D2BAEBEFD6FAB119B8DB /* Pods_Zipline.framework */,
			);
			name = Frameworks;
			sourceTree = "<group>";
		};
		A4AF58EA26A049D8005A222F /* TableViewCell */ = {
			isa = PBXGroup;
			children = (
				A4AF58EB26A049DF005A222F /* MovieCell */,
			);
			path = TableViewCell;
			sourceTree = "<group>";
		};
		A4AF58EB26A049DF005A222F /* MovieCell */ = {
			isa = PBXGroup;
			children = (
				A4AF58EC26A049F2005A222F /* MovieCell.swift */,
				A4AF58ED26A049F2005A222F /* MovieCell.xib */,
			);
			path = MovieCell;
			sourceTree = "<group>";
		};
		A4AF58F726A04BF2005A222F /* Extension */ = {
			isa = PBXGroup;
			children = (
				A4AF58F826A04BFF005A222F /* Ext_UIImageView.swift */,
			);
			path = Extension;
			sourceTree = "<group>";
		};
		A4AF58FB26A04CAC005A222F /* Common */ = {
			isa = PBXGroup;
			children = (
				A4AF58FC26A04CBD005A222F /* ShareData.swift */,
			);
			path = Common;
			sourceTree = "<group>";
		};
		A4AF590026A04E10005A222F /* Services */ = {
			isa = PBXGroup;
			children = (
				A4AF590126A04E20005A222F /* ApiRequest.swift */,
				A4AF590526A04E27005A222F /* Services.swift */,
			);
			path = Services;
			sourceTree = "<group>";
		};
		A4CFB7FF269F460A00B780A5 = {
			isa = PBXGroup;
			children = (
				A4CFB80A269F460A00B780A5 /* Zipline */,
				A4CFB809269F460A00B780A5 /* Products */,
				54BF52CFED79FEB3F5DB6A62 /* Pods */,
				9F180E379848FADF174A2ECB /* Frameworks */,
			);
			sourceTree = "<group>";
		};
		A4CFB809269F460A00B780A5 /* Products */ = {
			isa = PBXGroup;
			children = (
				A4CFB808269F460A00B780A5 /* Zipline.app */,
			);
			name = Products;
			sourceTree = "<group>";
		};
		A4CFB80A269F460A00B780A5 /* Zipline */ = {
			isa = PBXGroup;
			children = (
				A4CFB823269F463800B780A5 /* Utility */,
				A4CFB827269F467400B780A5 /* Model */,
				A4CFB826269F466F00B780A5 /* Controller */,
				A4CFB824269F466700B780A5 /* View */,
				A4CFB83B269F47CC00B780A5 /* Resources */,
				A4CFB819269F460B00B780A5 /* Info.plist */,
			);
			path = Zipline;
			sourceTree = "<group>";
		};
		A4CFB823269F463800B780A5 /* Utility */ = {
			isa = PBXGroup;
			children = (
				A4CFB831269F46F200B780A5 /* Delegates */,
				A4AF58FB26A04CAC005A222F /* Common */,
				A4AF590026A04E10005A222F /* Services */,
				A4AF58F726A04BF2005A222F /* Extension */,
			);
			path = Utility;
			sourceTree = "<group>";
		};
		A4CFB824269F466700B780A5 /* View */ = {
			isa = PBXGroup;
			children = (
				A4AF58EA26A049D8005A222F /* TableViewCell */,
			);
			path = View;
			sourceTree = "<group>";
		};
		A4CFB826269F466F00B780A5 /* Controller */ = {
			isa = PBXGroup;
			children = (
				A4CFB828269F467F00B780A5 /* Launch */,
				A4CFB834269F474400B780A5 /* Movie */,
			);
			path = Controller;
			sourceTree = "<group>";
		};
		A4CFB827269F467400B780A5 /* Model */ = {
			isa = PBXGroup;
			children = (
				A4AF58E726A047A4005A222F /* Movie.swift */,
			);
			path = Model;
			sourceTree = "<group>";
		};
		A4CFB828269F467F00B780A5 /* Launch */ = {
			isa = PBXGroup;
			children = (
				A4CFB82C269F46A400B780A5 /* LaunchVC.swift */,
				A4CFB829269F468B00B780A5 /* Launch.storyboard */,
			);
			path = Launch;
			sourceTree = "<group>";
		};
		A4CFB831269F46F200B780A5 /* Delegates */ = {
			isa = PBXGroup;
			children = (
				A4CFB80B269F460A00B780A5 /* AppDelegate.swift */,
				A4CFB80D269F460A00B780A5 /* SceneDelegate.swift */,
			);
			path = Delegates;
			sourceTree = "<group>";
		};
		A4CFB834269F474400B780A5 /* Movie */ = {
			isa = PBXGroup;
			children = (
				A4CFB835269F475300B780A5 /* MovieVC.swift */,
				A4CFB836269F475300B780A5 /* MovieVC.xib */,
			);
			path = Movie;
			sourceTree = "<group>";
		};
		A4CFB83B269F47CC00B780A5 /* Resources */ = {
			isa = PBXGroup;
			children = (
				A4CFB814269F460B00B780A5 /* Assets.xcassets */,
			);
			path = Resources;
			sourceTree = "<group>";
		};
/* End PBXGroup section */

/* Begin PBXNativeTarget section */
		A4CFB807269F460A00B780A5 /* Zipline */ = {
			isa = PBXNativeTarget;
			buildConfigurationList = A4CFB81C269F460B00B780A5 /* Build configuration list for PBXNativeTarget "Zipline" */;
			buildPhases = (
				E0105A74AFA46A3B7104EBE0 /* [CP] Check Pods Manifest.lock */,
				A4CFB804269F460A00B780A5 /* Sources */,
				A4CFB805269F460A00B780A5 /* Frameworks */,
				A4CFB806269F460A00B780A5 /* Resources */,
				B61B1EE54D0FC19FE7719980 /* [CP] Embed Pods Frameworks */,
			);
			buildRules = (
			);
			dependencies = (
			);
			name = Zipline;
			productName = Zipline;
			productReference = A4CFB808269F460A00B780A5 /* Zipline.app */;
			productType = "com.apple.product-type.application";
		};
/* End PBXNativeTarget section */

/* Begin PBXProject section */
		A4CFB800269F460A00B780A5 /* Project object */ = {
			isa = PBXProject;
			attributes = {
				LastSwiftUpdateCheck = 1240;
				LastUpgradeCheck = 1240;
				TargetAttributes = {
					A4CFB807269F460A00B780A5 = {
						CreatedOnToolsVersion = 12.4;
					};
				};
			};
			buildConfigurationList = A4CFB803269F460A00B780A5 /* Build configuration list for PBXProject "Zipline" */;
			compatibilityVersion = "Xcode 9.3";
			developmentRegion = en;
			hasScannedForEncodings = 0;
			knownRegions = (
				en,
				Base,
			);
			mainGroup = A4CFB7FF269F460A00B780A5;
			productRefGroup = A4CFB809269F460A00B780A5 /* Products */;
			projectDirPath = "";
			projectRoot = "";
			targets = (
				A4CFB807269F460A00B780A5 /* Zipline */,
			);
		};
/* End PBXProject section */

/* Begin PBXResourcesBuildPhase section */
		A4CFB806269F460A00B780A5 /* Resources */ = {
			isa = PBXResourcesBuildPhase;
			buildActionMask = 2147483647;
			files = (
				A4CFB815269F460B00B780A5 /* Assets.xcassets in Resources */,
				A4CFB82A269F468B00B780A5 /* Launch.storyboard in Resources */,
				A4AF58EF26A049F2005A222F /* MovieCell.xib in Resources */,
				A4CFB838269F475400B780A5 /* MovieVC.xib in Resources */,
			);
			runOnlyForDeploymentPostprocessing = 0;
		};
/* End PBXResourcesBuildPhase section */

/* Begin PBXShellScriptBuildPhase section */
		B61B1EE54D0FC19FE7719980 /* [CP] Embed Pods Frameworks */ = {
			isa = PBXShellScriptBuildPhase;
			buildActionMask = 2147483647;
			files = (
			);
			inputFileListPaths = (
				"${PODS_ROOT}/Target Support Files/Pods-Zipline/Pods-Zipline-frameworks-${CONFIGURATION}-input-files.xcfilelist",
			);
			name = "[CP] Embed Pods Frameworks";
			outputFileListPaths = (
				"${PODS_ROOT}/Target Support Files/Pods-Zipline/Pods-Zipline-frameworks-${CONFIGURATION}-output-files.xcfilelist",
			);
			runOnlyForDeploymentPostprocessing = 0;
			shellPath = /bin/sh;
			shellScript = "\"${PODS_ROOT}/Target Support Files/Pods-Zipline/Pods-Zipline-frameworks.sh\"\n";
			showEnvVarsInLog = 0;
		};
		E0105A74AFA46A3B7104EBE0 /* [CP] Check Pods Manifest.lock */ = {
			isa = PBXShellScriptBuildPhase;
			buildActionMask = 2147483647;
			files = (
			);
			inputFileListPaths = (
			);
			inputPaths = (
				"${PODS_PODFILE_DIR_PATH}/Podfile.lock",
				"${PODS_ROOT}/Manifest.lock",
			);
			name = "[CP] Check Pods Manifest.lock";
			outputFileListPaths = (
			);
			outputPaths = (
				"$(DERIVED_FILE_DIR)/Pods-Zipline-checkManifestLockResult.txt",
			);
			runOnlyForDeploymentPostprocessing = 0;
			shellPath = /bin/sh;
			shellScript = "diff \"${PODS_PODFILE_DIR_PATH}/Podfile.lock\" \"${PODS_ROOT}/Manifest.lock\" > /dev/null\nif [ $? != 0 ] ; then\n    # print error to STDERR\n    echo \"error: The sandbox is not in sync with the Podfile.lock. Run 'pod install' or update your CocoaPods installation.\" >&2\n    exit 1\nfi\n# This output is used by Xcode 'outputs' to avoid re-running this script phase.\necho \"SUCCESS\" > \"${SCRIPT_OUTPUT_FILE_0}\"\n";
			showEnvVarsInLog = 0;
		};
/* End PBXShellScriptBuildPhase section */

/* Begin PBXSourcesBuildPhase section */
		A4CFB804269F460A00B780A5 /* Sources */ = {
			isa = PBXSourcesBuildPhase;
			buildActionMask = 2147483647;
			files = (
				A4CFB82D269F46A400B780A5 /* LaunchVC.swift in Sources */,
				A4CFB837269F475400B780A5 /* MovieVC.swift in Sources */,
				A4AF58EE26A049F2005A222F /* MovieCell.swift in Sources */,
				A4CFB80C269F460A00B780A5 /* AppDelegate.swift in Sources */,
				A4CFB80E269F460A00B780A5 /* SceneDelegate.swift in Sources */,
				A4AF590626A04E27005A222F /* Services.swift in Sources */,
				A4AF590226A04E20005A222F /* ApiRequest.swift in Sources */,
				A4AF58F926A04BFF005A222F /* Ext_UIImageView.swift in Sources */,
				A4AF58E826A047A4005A222F /* Movie.swift in Sources */,
				A4AF58FD26A04CBD005A222F /* ShareData.swift in Sources */,
			);
			runOnlyForDeploymentPostprocessing = 0;
		};
/* End PBXSourcesBuildPhase section */

/* Begin XCBuildConfiguration section */
		A4CFB81A269F460B00B780A5 /* Debug */ = {
			isa = XCBuildConfiguration;
			buildSettings = {
				ALWAYS_SEARCH_USER_PATHS = NO;
				CLANG_ANALYZER_NONNULL = YES;
				CLANG_ANALYZER_NUMBER_OBJECT_CONVERSION = YES_AGGRESSIVE;
				CLANG_CXX_LANGUAGE_STANDARD = "gnu++14";
				CLANG_CXX_LIBRARY = "libc++";
				CLANG_ENABLE_MODULES = YES;
				CLANG_ENABLE_OBJC_ARC = YES;
				CLANG_ENABLE_OBJC_WEAK = YES;
				CLANG_WARN_BLOCK_CAPTURE_AUTORELEASING = YES;
				CLANG_WARN_BOOL_CONVERSION = YES;
				CLANG_WARN_COMMA = YES;
				CLANG_WARN_CONSTANT_CONVERSION = YES;
				CLANG_WARN_DEPRECATED_OBJC_IMPLEMENTATIONS = YES;
				CLANG_WARN_DIRECT_OBJC_ISA_USAGE = YES_ERROR;
				CLANG_WARN_DOCUMENTATION_COMMENTS = YES;
				CLANG_WARN_EMPTY_BODY = YES;
				CLANG_WARN_ENUM_CONVERSION = YES;
				CLANG_WARN_INFINITE_RECURSION = YES;
				CLANG_WARN_INT_CONVERSION = YES;
				CLANG_WARN_NON_LITERAL_NULL_CONVERSION = YES;
				CLANG_WARN_OBJC_IMPLICIT_RETAIN_SELF = YES;
				CLANG_WARN_OBJC_LITERAL_CONVERSION = YES;
				CLANG_WARN_OBJC_ROOT_CLASS = YES_ERROR;
				CLANG_WARN_QUOTED_INCLUDE_IN_FRAMEWORK_HEADER = YES;
				CLANG_WARN_RANGE_LOOP_ANALYSIS = YES;
				CLANG_WARN_STRICT_PROTOTYPES = YES;
				CLANG_WARN_SUSPICIOUS_MOVE = YES;
				CLANG_WARN_UNGUARDED_AVAILABILITY = YES_AGGRESSIVE;
				CLANG_WARN_UNREACHABLE_CODE = YES;
				CLANG_WARN__DUPLICATE_METHOD_MATCH = YES;
				COPY_PHASE_STRIP = NO;
				DEBUG_INFORMATION_FORMAT = dwarf;
				ENABLE_STRICT_OBJC_MSGSEND = YES;
				ENABLE_TESTABILITY = YES;
				GCC_C_LANGUAGE_STANDARD = gnu11;
				GCC_DYNAMIC_NO_PIC = NO;
				GCC_NO_COMMON_BLOCKS = YES;
				GCC_OPTIMIZATION_LEVEL = 0;
				GCC_PREPROCESSOR_DEFINITIONS = (
					"DEBUG=1",
					"$(inherited)",
				);
				GCC_WARN_64_TO_32_BIT_CONVERSION = YES;
				GCC_WARN_ABOUT_RETURN_TYPE = YES_ERROR;
				GCC_WARN_UNDECLARED_SELECTOR = YES;
				GCC_WARN_UNINITIALIZED_AUTOS = YES_AGGRESSIVE;
				GCC_WARN_UNUSED_FUNCTION = YES;
				GCC_WARN_UNUSED_VARIABLE = YES;
				IPHONEOS_DEPLOYMENT_TARGET = 14.4;
				MTL_ENABLE_DEBUG_INFO = INCLUDE_SOURCE;
				MTL_FAST_MATH = YES;
				ONLY_ACTIVE_ARCH = YES;
				SDKROOT = iphoneos;
				SWIFT_ACTIVE_COMPILATION_CONDITIONS = DEBUG;
				SWIFT_OPTIMIZATION_LEVEL = "-Onone";
			};
			name = Debug;
		};
		A4CFB81B269F460B00B780A5 /* Release */ = {
			isa = XCBuildConfiguration;
			buildSettings = {
				ALWAYS_SEARCH_USER_PATHS = NO;
				CLANG_ANALYZER_NONNULL = YES;
				CLANG_ANALYZER_NUMBER_OBJECT_CONVERSION = YES_AGGRESSIVE;
				CLANG_CXX_LANGUAGE_STANDARD = "gnu++14";
				CLANG_CXX_LIBRARY = "libc++";
				CLANG_ENABLE_MODULES = YES;
				CLANG_ENABLE_OBJC_ARC = YES;
				CLANG_ENABLE_OBJC_WEAK = YES;
				CLANG_WARN_BLOCK_CAPTURE_AUTORELEASING = YES;
				CLANG_WARN_BOOL_CONVERSION = YES;
				CLANG_WARN_COMMA = YES;
				CLANG_WARN_CONSTANT_CONVERSION = YES;
				CLANG_WARN_DEPRECATED_OBJC_IMPLEMENTATIONS = YES;
				CLANG_WARN_DIRECT_OBJC_ISA_USAGE = YES_ERROR;
				CLANG_WARN_DOCUMENTATION_COMMENTS = YES;
				CLANG_WARN_EMPTY_BODY = YES;
				CLANG_WARN_ENUM_CONVERSION = YES;
				CLANG_WARN_INFINITE_RECURSION = YES;
				CLANG_WARN_INT_CONVERSION = YES;
				CLANG_WARN_NON_LITERAL_NULL_CONVERSION = YES;
				CLANG_WARN_OBJC_IMPLICIT_RETAIN_SELF = YES;
				CLANG_WARN_OBJC_LITERAL_CONVERSION = YES;
				CLANG_WARN_OBJC_ROOT_CLASS = YES_ERROR;
				CLANG_WARN_QUOTED_INCLUDE_IN_FRAMEWORK_HEADER = YES;
				CLANG_WARN_RANGE_LOOP_ANALYSIS = YES;
				CLANG_WARN_STRICT_PROTOTYPES = YES;
				CLANG_WARN_SUSPICIOUS_MOVE = YES;
				CLANG_WARN_UNGUARDED_AVAILABILITY = YES_AGGRESSIVE;
				CLANG_WARN_UNREACHABLE_CODE = YES;
				CLANG_WARN__DUPLICATE_METHOD_MATCH = YES;
				COPY_PHASE_STRIP = NO;
				DEBUG_INFORMATION_FORMAT = "dwarf-with-dsym";
				ENABLE_NS_ASSERTIONS = NO;
				ENABLE_STRICT_OBJC_MSGSEND = YES;
				GCC_C_LANGUAGE_STANDARD = gnu11;
				GCC_NO_COMMON_BLOCKS = YES;
				GCC_WARN_64_TO_32_BIT_CONVERSION = YES;
				GCC_WARN_ABOUT_RETURN_TYPE = YES_ERROR;
				GCC_WARN_UNDECLARED_SELECTOR = YES;
				GCC_WARN_UNINITIALIZED_AUTOS = YES_AGGRESSIVE;
				GCC_WARN_UNUSED_FUNCTION = YES;
				GCC_WARN_UNUSED_VARIABLE = YES;
				IPHONEOS_DEPLOYMENT_TARGET = 14.4;
				MTL_ENABLE_DEBUG_INFO = NO;
				MTL_FAST_MATH = YES;
				SDKROOT = iphoneos;
				SWIFT_COMPILATION_MODE = wholemodule;
				SWIFT_OPTIMIZATION_LEVEL = "-O";
				VALIDATE_PRODUCT = YES;
			};
			name = Release;
		};
		A4CFB81D269F460B00B780A5 /* Debug */ = {
			isa = XCBuildConfiguration;
			baseConfigurationReference = 1A4BCA4A44CAC6CD58E48C7B /* Pods-Zipline.debug.xcconfig */;
			buildSettings = {
				ASSETCATALOG_COMPILER_APPICON_NAME = AppIcon;
				ASSETCATALOG_COMPILER_GLOBAL_ACCENT_COLOR_NAME = AccentColor;
				CODE_SIGN_STYLE = Automatic;
				INFOPLIST_FILE = Zipline/Info.plist;
				IPHONEOS_DEPLOYMENT_TARGET = 14.1;
				LD_RUNPATH_SEARCH_PATHS = (
					"$(inherited)",
					"@executable_path/Frameworks",
				);
				PRODUCT_BUNDLE_IDENTIFIER = com.retail.zipline.Zipline;
				PRODUCT_NAME = "$(TARGET_NAME)";
				SWIFT_VERSION = 5.0;
				TARGETED_DEVICE_FAMILY = 1;
			};
			name = Debug;
		};
		A4CFB81E269F460B00B780A5 /* Release */ = {
			isa = XCBuildConfiguration;
			baseConfigurationReference = 543710B011168DB44BB5B8E7 /* Pods-Zipline.release.xcconfig */;
			buildSettings = {
				ASSETCATALOG_COMPILER_APPICON_NAME = AppIcon;
				ASSETCATALOG_COMPILER_GLOBAL_ACCENT_COLOR_NAME = AccentColor;
				CODE_SIGN_STYLE = Automatic;
				INFOPLIST_FILE = Zipline/Info.plist;
				IPHONEOS_DEPLOYMENT_TARGET = 14.1;
				LD_RUNPATH_SEARCH_PATHS = (
					"$(inherited)",
					"@executable_path/Frameworks",
				);
				PRODUCT_BUNDLE_IDENTIFIER = com.retail.zipline.Zipline;
				PRODUCT_NAME = "$(TARGET_NAME)";
				SWIFT_VERSION = 5.0;
				TARGETED_DEVICE_FAMILY = 1;
			};
			name = Release;
		};
/* End XCBuildConfiguration section */

/* Begin XCConfigurationList section */
		A4CFB803269F460A00B780A5 /* Build configuration list for PBXProject "Zipline" */ = {
			isa = XCConfigurationList;
			buildConfigurations = (
				A4CFB81A269F460B00B780A5 /* Debug */,
				A4CFB81B269F460B00B780A5 /* Release */,
			);
			defaultConfigurationIsVisible = 0;
			defaultConfigurationName = Release;
		};
		A4CFB81C269F460B00B780A5 /* Build configuration list for PBXNativeTarget "Zipline" */ = {
			isa = XCConfigurationList;
			buildConfigurations = (
				A4CFB81D269F460B00B780A5 /* Debug */,
				A4CFB81E269F460B00B780A5 /* Release */,
			);
			defaultConfigurationIsVisible = 0;
			defaultConfigurationName = Release;
		};
/* End XCConfigurationList section */
	};
	rootObject = A4CFB800269F460A00B780A5 /* Project object */;
}
